
Microsoft Visual Studio Solution File, Format Version 12.00
# Visual Studio Version 16
VisualStudioVersion = 16.0.28407.52
MinimumVisualStudioVersion = 10.0.40219.1
Project("{9A19103F-16F7-4668-BE54-9A1E7A4F7556}") = "Drexel.Configurables.Contracts", "Src\Drexel.Configurables.Contracts\Drexel.Configurables.Contracts.csproj", "{CC7F6EAE-3A23-4197-89DB-5748F8E00DBB}"
EndProject
Project("{9A19103F-16F7-4668-BE54-9A1E7A4F7556}") = "Drexel.Configurables.Example", "Example\Drexel.Configurables.Example\Drexel.Configurables.Example.csproj", "{43667255-5D3A-4907-ABB8-0459DC963211}"
EndProject
Project("{2150E333-8FDC-42A3-9474-1A3956D46DE8}") = "Src", "Src", "{27576382-1DB8-4118-BEEE-AAC7EAA66E4C}"
EndProject
Project("{2150E333-8FDC-42A3-9474-1A3956D46DE8}") = "Example", "Example", "{2C280484-DCF5-4DA4-8565-2BDD44840C29}"
EndProject
Project("{2150E333-8FDC-42A3-9474-1A3956D46DE8}") = "Tests", "Tests", "{7C8C299F-16F8-472D-895B-46DE2679586F}"
EndProject
Project("{9A19103F-16F7-4668-BE54-9A1E7A4F7556}") = "Drexel.Configurables.Example.Remote", "Example\Drexel.Configurables.Example.Remote\Drexel.Configurables.Example.Remote.csproj", "{F4580058-8610-48D4-A1E5-89799A65420D}"
EndProject
Project("{9A19103F-16F7-4668-BE54-9A1E7A4F7556}") = "Drexel.Configurables.Example.Local", "Example\Drexel.Configurables.Example.Local\Drexel.Configurables.Example.Local.csproj", "{7A3F8113-D90B-4C18-B438-F4D071C46430}"
EndProject
Project("{9A19103F-16F7-4668-BE54-9A1E7A4F7556}") = "Drexel.Configurables.Example.Contracts", "Example\Drexel.Configurables.Example.Contracts\Drexel.Configurables.Example.Contracts.csproj", "{199A6FC5-123E-4A3E-9517-2F36A59F126A}"
EndProject
Project("{9A19103F-16F7-4668-BE54-9A1E7A4F7556}") = "Drexel.Configurables.External", "Src\Drexel.Configurables.External\Drexel.Configurables.External.csproj", "{E70157E3-5B49-4428-BB9E-A48DE448C038}"
EndProject
Project("{9A19103F-16F7-4668-BE54-9A1E7A4F7556}") = "Drexel.Configurables", "Src\Drexel.Configurables\Drexel.Configurables.csproj", "{24C25D3C-9477-4E0C-9BFF-F1F1FC8B1F13}"
EndProject
Project("{FAE04EC0-301F-11D3-BF4B-00C04F79EFBC}") = "Drexel.Configurables.Structures", "src\Drexel.Configurables.Structures\Drexel.Configurables.Structures.csproj", "{A15F2808-8849-4597-940A-54EC4DB6D653}"
EndProject
Project("{FAE04EC0-301F-11D3-BF4B-00C04F79EFBC}") = "Drexel.Configurables.Serialization", "src\Drexel.Configurables.Serialization\Drexel.Configurables.Serialization.csproj", "{74CC4B1A-F64D-4F65-BB58-BEE10B9AA347}"
EndProject
Global
	GlobalSection(SolutionConfigurationPlatforms) = preSolution
		Debug|Any CPU = Debug|Any CPU
		Release|Any CPU = Release|Any CPU
	EndGlobalSection
	GlobalSection(ProjectConfigurationPlatforms) = postSolution
		{CC7F6EAE-3A23-4197-89DB-5748F8E00DBB}.Debug|Any CPU.ActiveCfg = Debug|Any CPU
		{CC7F6EAE-3A23-4197-89DB-5748F8E00DBB}.Debug|Any CPU.Build.0 = Debug|Any CPU
		{CC7F6EAE-3A23-4197-89DB-5748F8E00DBB}.Release|Any CPU.ActiveCfg = Release|Any CPU
		{CC7F6EAE-3A23-4197-89DB-5748F8E00DBB}.Release|Any CPU.Build.0 = Release|Any CPU
		{43667255-5D3A-4907-ABB8-0459DC963211}.Debug|Any CPU.ActiveCfg = Debug|Any CPU
		{43667255-5D3A-4907-ABB8-0459DC963211}.Debug|Any CPU.Build.0 = Debug|Any CPU
		{43667255-5D3A-4907-ABB8-0459DC963211}.Release|Any CPU.ActiveCfg = Release|Any CPU
		{43667255-5D3A-4907-ABB8-0459DC963211}.Release|Any CPU.Build.0 = Release|Any CPU
		{F4580058-8610-48D4-A1E5-89799A65420D}.Debug|Any CPU.ActiveCfg = Debug|Any CPU
		{F4580058-8610-48D4-A1E5-89799A65420D}.Debug|Any CPU.Build.0 = Debug|Any CPU
		{F4580058-8610-48D4-A1E5-89799A65420D}.Release|Any CPU.ActiveCfg = Release|Any CPU
		{F4580058-8610-48D4-A1E5-89799A65420D}.Release|Any CPU.Build.0 = Release|Any CPU
		{7A3F8113-D90B-4C18-B438-F4D071C46430}.Debug|Any CPU.ActiveCfg = Debug|Any CPU
		{7A3F8113-D90B-4C18-B438-F4D071C46430}.Debug|Any CPU.Build.0 = Debug|Any CPU
		{7A3F8113-D90B-4C18-B438-F4D071C46430}.Release|Any CPU.ActiveCfg = Release|Any CPU
		{7A3F8113-D90B-4C18-B438-F4D071C46430}.Release|Any CPU.Build.0 = Release|Any CPU
		{199A6FC5-123E-4A3E-9517-2F36A59F126A}.Debug|Any CPU.ActiveCfg = Debug|Any CPU
		{199A6FC5-123E-4A3E-9517-2F36A59F126A}.Debug|Any CPU.Build.0 = Debug|Any CPU
		{199A6FC5-123E-4A3E-9517-2F36A59F126A}.Release|Any CPU.ActiveCfg = Release|Any CPU
		{199A6FC5-123E-4A3E-9517-2F36A59F126A}.Release|Any CPU.Build.0 = Release|Any CPU
		{E70157E3-5B49-4428-BB9E-A48DE448C038}.Debug|Any CPU.ActiveCfg = Debug|Any CPU
		{E70157E3-5B49-4428-BB9E-A48DE448C038}.Debug|Any CPU.Build.0 = Debug|Any CPU
		{E70157E3-5B49-4428-BB9E-A48DE448C038}.Release|Any CPU.ActiveCfg = Release|Any CPU
		{E70157E3-5B49-4428-BB9E-A48DE448C038}.Release|Any CPU.Build.0 = Release|Any CPU
		{24C25D3C-9477-4E0C-9BFF-F1F1FC8B1F13}.Debug|Any CPU.ActiveCfg = Debug|Any CPU
		{24C25D3C-9477-4E0C-9BFF-F1F1FC8B1F13}.Debug|Any CPU.Build.0 = Debug|Any CPU
		{24C25D3C-9477-4E0C-9BFF-F1F1FC8B1F13}.Release|Any CPU.ActiveCfg = Release|Any CPU
		{24C25D3C-9477-4E0C-9BFF-F1F1FC8B1F13}.Release|Any CPU.Build.0 = Release|Any CPU
		{A15F2808-8849-4597-940A-54EC4DB6D653}.Debug|Any CPU.ActiveCfg = Debug|Any CPU
		{A15F2808-8849-4597-940A-54EC4DB6D653}.Debug|Any CPU.Build.0 = Debug|Any CPU
		{A15F2808-8849-4597-940A-54EC4DB6D653}.Release|Any CPU.ActiveCfg = Release|Any CPU
		{A15F2808-8849-4597-940A-54EC4DB6D653}.Release|Any CPU.Build.0 = Release|Any CPU
		{74CC4B1A-F64D-4F65-BB58-BEE10B9AA347}.Debug|Any CPU.ActiveCfg = Debug|Any CPU
		{74CC4B1A-F64D-4F65-BB58-BEE10B9AA347}.Debug|Any CPU.Build.0 = Debug|Any CPU
		{74CC4B1A-F64D-4F65-BB58-BEE10B9AA347}.Release|Any CPU.ActiveCfg = Release|Any CPU
		{74CC4B1A-F64D-4F65-BB58-BEE10B9AA347}.Release|Any CPU.Build.0 = Release|Any CPU
	EndGlobalSection
	GlobalSection(SolutionProperties) = preSolution
		HideSolutionNode = FALSE
	EndGlobalSection
	GlobalSection(NestedProjects) = preSolution
		{CC7F6EAE-3A23-4197-89DB-5748F8E00DBB} = {27576382-1DB8-4118-BEEE-AAC7EAA66E4C}
		{43667255-5D3A-4907-ABB8-0459DC963211} = {2C280484-DCF5-4DA4-8565-2BDD44840C29}
		{F4580058-8610-48D4-A1E5-89799A65420D} = {2C280484-DCF5-4DA4-8565-2BDD44840C29}
		{7A3F8113-D90B-4C18-B438-F4D071C46430} = {2C280484-DCF5-4DA4-8565-2BDD44840C29}
		{199A6FC5-123E-4A3E-9517-2F36A59F126A} = {2C280484-DCF5-4DA4-8565-2BDD44840C29}
		{E70157E3-5B49-4428-BB9E-A48DE448C038} = {27576382-1DB8-4118-BEEE-AAC7EAA66E4C}
		{24C25D3C-9477-4E0C-9BFF-F1F1FC8B1F13} = {27576382-1DB8-4118-BEEE-AAC7EAA66E4C}
		{A15F2808-8849-4597-940A-54EC4DB6D653} = {27576382-1DB8-4118-BEEE-AAC7EAA66E4C}
		{74CC4B1A-F64D-4F65-BB58-BEE10B9AA347} = {27576382-1DB8-4118-BEEE-AAC7EAA66E4C}
	EndGlobalSection
	GlobalSection(ExtensibilityGlobals) = postSolution
		SolutionGuid = {09F63AC9-AEB0-4744-A6BD-89BDF935BC78}
	EndGlobalSection
EndGlobal
