
Microsoft Visual Studio Solution File, Format Version 12.00
# Visual Studio 15
VisualStudioVersion = 15.0.27703.2042
MinimumVisualStudioVersion = 10.0.40219.1
Project("{9A19103F-16F7-4668-BE54-9A1E7A4F7556}") = "Drexel.Configurables", "Drexel.Configurables\Drexel.Configurables.csproj", "{F1FC9675-54DE-4FC2-B2FD-5EEEC4EC6D3D}"
EndProject
Project("{2150E333-8FDC-42A3-9474-1A3956D46DE8}") = "Solution Items", "Solution Items", "{E84C4302-7929-4F08-B9B5-291C84ECC7DC}"
	ProjectSection(SolutionItems) = preProject
		LICENSE = LICENSE
		README.md = README.md
	EndProjectSection
EndProject
Project("{2150E333-8FDC-42A3-9474-1A3956D46DE8}") = ".StyleCop", ".StyleCop", "{3D1D99A3-AFEA-465C-BE74-7EC6EF397983}"
	ProjectSection(SolutionItems) = preProject
		.StyleCop\CodeAnalysisDictionary.xml = .StyleCop\CodeAnalysisDictionary.xml
		.StyleCop\Drexel.Configurables.ruleset = .StyleCop\Drexel.Configurables.ruleset
		.StyleCop\stylecop.json = .StyleCop\stylecop.json
	EndProjectSection
EndProject
Project("{9A19103F-16F7-4668-BE54-9A1E7A4F7556}") = "Drexel.Configurables.External", "Drexel.Configurables.External\Drexel.Configurables.External.csproj", "{A79EA4FC-1272-45E0-AB80-74DE8AF13170}"
EndProject
Project("{9A19103F-16F7-4668-BE54-9A1E7A4F7556}") = "Drexel.Configurables.Contracts", "Drexel.Configurables.Contracts\Drexel.Configurables.Contracts.csproj", "{D0F66352-FBA2-46A0-A63A-ED97F39CA41F}"
EndProject
Project("{9A19103F-16F7-4668-BE54-9A1E7A4F7556}") = "Drexel.Configurables.Tests.Common", "Drexel.Configurables.Tests.Common\Drexel.Configurables.Tests.Common.csproj", "{54E6F36E-3C8A-4AD9-B6C0-13544429833A}"
EndProject
Project("{9A19103F-16F7-4668-BE54-9A1E7A4F7556}") = "Drexel.Configurables.External.Tests.NetCore", "Drexel.Configurables.External.Tests.NetCore\Drexel.Configurables.External.Tests.NetCore.csproj", "{2361078B-E2A2-4718-9D9E-1013D00F6038}"
EndProject
Project("{FAE04EC0-301F-11D3-BF4B-00C04F79EFBC}") = "Drexel.Configurables.External.Tests.NetFramework", "Drexel.Configurables.External.Tests.NetFramework\Drexel.Configurables.External.Tests.NetFramework.csproj", "{9A9D872B-7BB3-4D0E-A8D7-14026E976CAB}"
EndProject
Project("{FAE04EC0-301F-11D3-BF4B-00C04F79EFBC}") = "Drexel.Configurables.Tests.NetFramework", "Drexel.Configurables.Tests.NetFramework\Drexel.Configurables.Tests.NetFramework.csproj", "{7CD9F046-B17C-42E1-9E17-B525070B5F0E}"
EndProject
Project("{9A19103F-16F7-4668-BE54-9A1E7A4F7556}") = "Drexel.Configurables.Tests.NetCore", "Drexel.Configurables.Tests.NetCore\Drexel.Configurables.Tests.NetCore.csproj", "{1B1A91D2-6934-4B16-8734-2271BC690CDE}"
EndProject
Project("{FAE04EC0-301F-11D3-BF4B-00C04F79EFBC}") = "Drexel.Configurables.Persistables", "Drexel.Configurables.Persistables\Drexel.Configurables.Persistables.csproj", "{8AB171A3-DF8C-473D-97E7-2F11BB42B5F5}"
EndProject
Project("{FAE04EC0-301F-11D3-BF4B-00C04F79EFBC}") = "Drexel.Configurables.Persistables.Contracts", "Drexel.Configurables.Persistables.Contracts\Drexel.Configurables.Persistables.Contracts.csproj", "{E094F08D-959A-4C71-8A50-21EA57CF6225}"
EndProject
Global
	GlobalSection(SolutionConfigurationPlatforms) = preSolution
		Debug|Any CPU = Debug|Any CPU
		Release|Any CPU = Release|Any CPU
	EndGlobalSection
	GlobalSection(ProjectConfigurationPlatforms) = postSolution
		{F1FC9675-54DE-4FC2-B2FD-5EEEC4EC6D3D}.Debug|Any CPU.ActiveCfg = Debug|Any CPU
		{F1FC9675-54DE-4FC2-B2FD-5EEEC4EC6D3D}.Debug|Any CPU.Build.0 = Debug|Any CPU
		{F1FC9675-54DE-4FC2-B2FD-5EEEC4EC6D3D}.Release|Any CPU.ActiveCfg = Release|Any CPU
		{F1FC9675-54DE-4FC2-B2FD-5EEEC4EC6D3D}.Release|Any CPU.Build.0 = Release|Any CPU
		{A79EA4FC-1272-45E0-AB80-74DE8AF13170}.Debug|Any CPU.ActiveCfg = Debug|Any CPU
		{A79EA4FC-1272-45E0-AB80-74DE8AF13170}.Debug|Any CPU.Build.0 = Debug|Any CPU
		{A79EA4FC-1272-45E0-AB80-74DE8AF13170}.Release|Any CPU.ActiveCfg = Release|Any CPU
		{A79EA4FC-1272-45E0-AB80-74DE8AF13170}.Release|Any CPU.Build.0 = Release|Any CPU
		{D0F66352-FBA2-46A0-A63A-ED97F39CA41F}.Debug|Any CPU.ActiveCfg = Debug|Any CPU
		{D0F66352-FBA2-46A0-A63A-ED97F39CA41F}.Debug|Any CPU.Build.0 = Debug|Any CPU
		{D0F66352-FBA2-46A0-A63A-ED97F39CA41F}.Release|Any CPU.ActiveCfg = Release|Any CPU
		{D0F66352-FBA2-46A0-A63A-ED97F39CA41F}.Release|Any CPU.Build.0 = Release|Any CPU
		{54E6F36E-3C8A-4AD9-B6C0-13544429833A}.Debug|Any CPU.ActiveCfg = Debug|Any CPU
		{54E6F36E-3C8A-4AD9-B6C0-13544429833A}.Debug|Any CPU.Build.0 = Debug|Any CPU
		{54E6F36E-3C8A-4AD9-B6C0-13544429833A}.Release|Any CPU.ActiveCfg = Release|Any CPU
		{54E6F36E-3C8A-4AD9-B6C0-13544429833A}.Release|Any CPU.Build.0 = Release|Any CPU
		{2361078B-E2A2-4718-9D9E-1013D00F6038}.Debug|Any CPU.ActiveCfg = Debug|Any CPU
		{2361078B-E2A2-4718-9D9E-1013D00F6038}.Debug|Any CPU.Build.0 = Debug|Any CPU
		{2361078B-E2A2-4718-9D9E-1013D00F6038}.Release|Any CPU.ActiveCfg = Release|Any CPU
		{2361078B-E2A2-4718-9D9E-1013D00F6038}.Release|Any CPU.Build.0 = Release|Any CPU
		{9A9D872B-7BB3-4D0E-A8D7-14026E976CAB}.Debug|Any CPU.ActiveCfg = Debug|Any CPU
		{9A9D872B-7BB3-4D0E-A8D7-14026E976CAB}.Debug|Any CPU.Build.0 = Debug|Any CPU
		{9A9D872B-7BB3-4D0E-A8D7-14026E976CAB}.Release|Any CPU.ActiveCfg = Release|Any CPU
		{9A9D872B-7BB3-4D0E-A8D7-14026E976CAB}.Release|Any CPU.Build.0 = Release|Any CPU
		{7CD9F046-B17C-42E1-9E17-B525070B5F0E}.Debug|Any CPU.ActiveCfg = Debug|Any CPU
		{7CD9F046-B17C-42E1-9E17-B525070B5F0E}.Debug|Any CPU.Build.0 = Debug|Any CPU
		{7CD9F046-B17C-42E1-9E17-B525070B5F0E}.Release|Any CPU.ActiveCfg = Release|Any CPU
		{7CD9F046-B17C-42E1-9E17-B525070B5F0E}.Release|Any CPU.Build.0 = Release|Any CPU
		{1B1A91D2-6934-4B16-8734-2271BC690CDE}.Debug|Any CPU.ActiveCfg = Debug|Any CPU
		{1B1A91D2-6934-4B16-8734-2271BC690CDE}.Debug|Any CPU.Build.0 = Debug|Any CPU
		{1B1A91D2-6934-4B16-8734-2271BC690CDE}.Release|Any CPU.ActiveCfg = Release|Any CPU
		{1B1A91D2-6934-4B16-8734-2271BC690CDE}.Release|Any CPU.Build.0 = Release|Any CPU
		{8AB171A3-DF8C-473D-97E7-2F11BB42B5F5}.Debug|Any CPU.ActiveCfg = Debug|Any CPU
		{8AB171A3-DF8C-473D-97E7-2F11BB42B5F5}.Debug|Any CPU.Build.0 = Debug|Any CPU
		{8AB171A3-DF8C-473D-97E7-2F11BB42B5F5}.Release|Any CPU.ActiveCfg = Release|Any CPU
		{8AB171A3-DF8C-473D-97E7-2F11BB42B5F5}.Release|Any CPU.Build.0 = Release|Any CPU
		{E094F08D-959A-4C71-8A50-21EA57CF6225}.Debug|Any CPU.ActiveCfg = Debug|Any CPU
		{E094F08D-959A-4C71-8A50-21EA57CF6225}.Debug|Any CPU.Build.0 = Debug|Any CPU
		{E094F08D-959A-4C71-8A50-21EA57CF6225}.Release|Any CPU.ActiveCfg = Release|Any CPU
		{E094F08D-959A-4C71-8A50-21EA57CF6225}.Release|Any CPU.Build.0 = Release|Any CPU
	EndGlobalSection
	GlobalSection(SolutionProperties) = preSolution
		HideSolutionNode = FALSE
	EndGlobalSection
	GlobalSection(NestedProjects) = preSolution
		{3D1D99A3-AFEA-465C-BE74-7EC6EF397983} = {E84C4302-7929-4F08-B9B5-291C84ECC7DC}
	EndGlobalSection
	GlobalSection(ExtensibilityGlobals) = postSolution
		SolutionGuid = {AC1C77D1-B578-46A6-B160-8FB8E7AD4886}
	EndGlobalSection
EndGlobal
